
Microsoft Visual Studio Solution File, Format Version 12.00
# Visual Studio Version 17
VisualStudioVersion = 17.9.34616.47
MinimumVisualStudioVersion = 10.0.40219.1
Project("{FAE04EC0-301F-11D3-BF4B-00C04F79EFBC}") = "lambda", "lambda\lambda.csproj", "{0AC715D7-4108-4528-8A21-5CBF059F2857}"
EndProject
Global
	GlobalSection(SolutionConfigurationPlatforms) = preSolution
		Debug|Any CPU = Debug|Any CPU
		Release|Any CPU = Release|Any CPU
	EndGlobalSection
	GlobalSection(ProjectConfigurationPlatforms) = postSolution
		{0AC715D7-4108-4528-8A21-5CBF059F2857}.Debug|Any CPU.ActiveCfg = Debug|Any CPU
		{0AC715D7-4108-4528-8A21-5CBF059F2857}.Debug|Any CPU.Build.0 = Debug|Any CPU
		{0AC715D7-4108-4528-8A21-5CBF059F2857}.Release|Any CPU.ActiveCfg = Release|Any CPU
		{0AC715D7-4108-4528-8A21-5CBF059F2857}.Release|Any CPU.Build.0 = Release|Any CPU
	EndGlobalSection
	GlobalSection(SolutionProperties) = preSolution
		HideSolutionNode = FALSE
	EndGlobalSection
	GlobalSection(ExtensibilityGlobals) = postSolution
		SolutionGuid = {E87DD273-D37C-408A-9C3C-767B0C10D8B0}
	EndGlobalSection
EndGlobal
